<?xml version="1.0" encoding="UTF-8"?>
<!DOCTYPE plist PUBLIC "-//Apple//DTD PLIST 1.0//EN" "http://www.apple.com/DTDs/PropertyList-1.0.dtd">
<plist version="1.0">
<dict>
	<key>archiveVersion</key>
	<string>1</string>
	<key>classes</key>
	<dict/>
	<key>objectVersion</key>
	<string>46</string>
	<key>objects</key>
	<dict>
		<key>2820C69FB1D94020A9C64E8F</key>
		<dict>
			<key>fileRef</key>
			<string>2BBFD0BD13D94A86AC368B4C</string>
			<key>isa</key>
			<string>PBXBuildFile</string>
		</dict>
		<key>2BBFD0BD13D94A86AC368B4C</key>
		<dict>
			<key>explicitFileType</key>
			<string>archive.ar</string>
			<key>includeInIndex</key>
			<string>0</string>
			<key>isa</key>
			<string>PBXFileReference</string>
			<key>name</key>
			<string>libPods.a</string>
			<key>path</key>
			<string>libPods.a</string>
			<key>sourceTree</key>
			<string>BUILT_PRODUCTS_DIR</string>
		</dict>
		<key>5573B9F353DE4C3D8820307B</key>
		<dict>
			<key>isa</key>
			<string>PBXFileReference</string>
			<key>lastKnownFileType</key>
			<string>text.xcconfig</string>
			<key>name</key>
			<string>Pods.xcconfig</string>
			<key>path</key>
			<string>Pods/Pods.xcconfig</string>
			<key>sourceTree</key>
			<string>SOURCE_ROOT</string>
		</dict>
		<key>6ECB97B815B0EDB10076A651</key>
		<dict>
			<key>children</key>
			<array>
				<string>6ECB97CD15B0EDB10076A651</string>
				<string>6ECB97C615B0EDB10076A651</string>
				<string>6ECB97C415B0EDB10076A651</string>
				<string>5573B9F353DE4C3D8820307B</string>
			</array>
			<key>isa</key>
			<string>PBXGroup</string>
			<key>sourceTree</key>
			<string>&lt;group&gt;</string>
		</dict>
		<key>6ECB97BA15B0EDB10076A651</key>
		<dict>
			<key>attributes</key>
			<dict>
				<key>CLASSPREFIX</key>
				<string>CHLI</string>
				<key>LastUpgradeCheck</key>
				<string>0430</string>
				<key>ORGANIZATIONNAME</key>
				<string>Kai Oelfke</string>
			</dict>
			<key>buildConfigurationList</key>
			<string>6ECB97BD15B0EDB10076A651</string>
			<key>compatibilityVersion</key>
			<string>Xcode 3.2</string>
			<key>developmentRegion</key>
			<string>English</string>
			<key>hasScannedForEncodings</key>
			<string>0</string>
			<key>isa</key>
			<string>PBXProject</string>
			<key>knownRegions</key>
			<array>
				<string>en</string>
			</array>
			<key>mainGroup</key>
			<string>6ECB97B815B0EDB10076A651</string>
			<key>productRefGroup</key>
			<string>6ECB97C415B0EDB10076A651</string>
			<key>projectDirPath</key>
			<string></string>
			<key>projectRoot</key>
			<string></string>
			<key>targets</key>
			<array>
				<string>6ECB97C215B0EDB10076A651</string>
			</array>
		</dict>
		<key>6ECB97BD15B0EDB10076A651</key>
		<dict>
			<key>buildConfigurations</key>
			<array>
				<string>6ECB97DF15B0EDB10076A651</string>
				<string>6ECB97E015B0EDB10076A651</string>
			</array>
			<key>defaultConfigurationIsVisible</key>
			<string>0</string>
			<key>defaultConfigurationName</key>
			<string>Release</string>
			<key>isa</key>
			<string>XCConfigurationList</string>
		</dict>
		<key>6ECB97BF15B0EDB10076A651</key>
		<dict>
			<key>buildActionMask</key>
			<string>2147483647</string>
			<key>files</key>
			<array>
				<string>6ECB97D415B0EDB10076A651</string>
				<string>6ECB97D815B0EDB10076A651</string>
				<string>6ECB97DE15B0EDB10076A651</string>
			</array>
			<key>isa</key>
			<string>PBXSourcesBuildPhase</string>
			<key>runOnlyForDeploymentPostprocessing</key>
			<string>0</string>
		</dict>
		<key>6ECB97C015B0EDB10076A651</key>
		<dict>
			<key>buildActionMask</key>
			<string>2147483647</string>
			<key>files</key>
			<array>
				<string>6ECB97C815B0EDB10076A651</string>
				<string>6ECB97CA15B0EDB10076A651</string>
				<string>6ECB97CC15B0EDB10076A651</string>
				<string>2820C69FB1D94020A9C64E8F</string>
			</array>
			<key>isa</key>
			<string>PBXFrameworksBuildPhase</string>
			<key>runOnlyForDeploymentPostprocessing</key>
			<string>0</string>
		</dict>
		<key>6ECB97C115B0EDB10076A651</key>
		<dict>
			<key>buildActionMask</key>
			<string>2147483647</string>
			<key>files</key>
			<array>
				<string>6ECB97D215B0EDB10076A651</string>
				<string>6ECB97DB15B0EDB10076A651</string>
			</array>
			<key>isa</key>
			<string>PBXResourcesBuildPhase</string>
			<key>runOnlyForDeploymentPostprocessing</key>
			<string>0</string>
		</dict>
		<key>6ECB97C215B0EDB10076A651</key>
		<dict>
			<key>buildConfigurationList</key>
			<string>6ECB97E115B0EDB10076A651</string>
			<key>buildPhases</key>
			<array>
				<string>6ECB97BF15B0EDB10076A651</string>
				<string>6ECB97C015B0EDB10076A651</string>
				<string>6ECB97C115B0EDB10076A651</string>
				<string>F7854E5422EE42D19C436449</string>
			</array>
			<key>buildRules</key>
			<array/>
			<key>dependencies</key>
			<array/>
			<key>isa</key>
			<string>PBXNativeTarget</string>
			<key>name</key>
			<string>Changing Lives</string>
			<key>productName</key>
			<string>Changing Lives</string>
			<key>productReference</key>
			<string>6ECB97C315B0EDB10076A651</string>
			<key>productType</key>
			<string>com.apple.product-type.application</string>
		</dict>
		<key>6ECB97C315B0EDB10076A651</key>
		<dict>
			<key>explicitFileType</key>
			<string>wrapper.application</string>
			<key>includeInIndex</key>
			<string>0</string>
			<key>isa</key>
			<string>PBXFileReference</string>
			<key>name</key>
			<string>Changing Lives.app</string>
			<key>path</key>
			<string>Changing Lives.app</string>
			<key>sourceTree</key>
			<string>BUILT_PRODUCTS_DIR</string>
		</dict>
		<key>6ECB97C415B0EDB10076A651</key>
		<dict>
			<key>children</key>
			<array>
				<string>6ECB97C315B0EDB10076A651</string>
			</array>
			<key>isa</key>
			<string>PBXGroup</string>
			<key>name</key>
			<string>Products</string>
			<key>sourceTree</key>
			<string>&lt;group&gt;</string>
		</dict>
		<key>6ECB97C615B0EDB10076A651</key>
		<dict>
			<key>children</key>
			<array>
				<string>6ECB97C715B0EDB10076A651</string>
				<string>6ECB97C915B0EDB10076A651</string>
				<string>6ECB97CB15B0EDB10076A651</string>
				<string>2BBFD0BD13D94A86AC368B4C</string>
			</array>
			<key>isa</key>
			<string>PBXGroup</string>
			<key>name</key>
			<string>Frameworks</string>
			<key>sourceTree</key>
			<string>&lt;group&gt;</string>
		</dict>
		<key>6ECB97C715B0EDB10076A651</key>
		<dict>
			<key>isa</key>
			<string>PBXFileReference</string>
			<key>lastKnownFileType</key>
			<string>wrapper.framework</string>
			<key>name</key>
			<string>UIKit.framework</string>
			<key>path</key>
			<string>System/Library/Frameworks/UIKit.framework</string>
			<key>sourceTree</key>
			<string>SDKROOT</string>
		</dict>
		<key>6ECB97C815B0EDB10076A651</key>
		<dict>
			<key>fileRef</key>
			<string>6ECB97C715B0EDB10076A651</string>
			<key>isa</key>
			<string>PBXBuildFile</string>
		</dict>
		<key>6ECB97C915B0EDB10076A651</key>
		<dict>
			<key>isa</key>
			<string>PBXFileReference</string>
			<key>lastKnownFileType</key>
			<string>wrapper.framework</string>
			<key>name</key>
			<string>Foundation.framework</string>
			<key>path</key>
			<string>System/Library/Frameworks/Foundation.framework</string>
			<key>sourceTree</key>
			<string>SDKROOT</string>
		</dict>
		<key>6ECB97CA15B0EDB10076A651</key>
		<dict>
			<key>fileRef</key>
			<string>6ECB97C915B0EDB10076A651</string>
			<key>isa</key>
			<string>PBXBuildFile</string>
		</dict>
		<key>6ECB97CB15B0EDB10076A651</key>
		<dict>
			<key>isa</key>
			<string>PBXFileReference</string>
			<key>lastKnownFileType</key>
			<string>wrapper.framework</string>
			<key>name</key>
			<string>CoreGraphics.framework</string>
			<key>path</key>
			<string>System/Library/Frameworks/CoreGraphics.framework</string>
			<key>sourceTree</key>
			<string>SDKROOT</string>
		</dict>
		<key>6ECB97CC15B0EDB10076A651</key>
		<dict>
			<key>fileRef</key>
			<string>6ECB97CB15B0EDB10076A651</string>
			<key>isa</key>
			<string>PBXBuildFile</string>
		</dict>
		<key>6ECB97CD15B0EDB10076A651</key>
		<dict>
			<key>children</key>
			<array>
				<string>6ECB97D615B0EDB10076A651</string>
				<string>6ECB97D715B0EDB10076A651</string>
				<string>6ECB97D915B0EDB10076A651</string>
				<string>6ECB97DC15B0EDB10076A651</string>
				<string>6ECB97DD15B0EDB10076A651</string>
				<string>6ECB97CE15B0EDB10076A651</string>
			</array>
			<key>isa</key>
			<string>PBXGroup</string>
			<key>path</key>
			<string>Changing Lives</string>
			<key>sourceTree</key>
			<string>&lt;group&gt;</string>
		</dict>
		<key>6ECB97CE15B0EDB10076A651</key>
		<dict>
			<key>children</key>
			<array>
				<string>6ECB97CF15B0EDB10076A651</string>
				<string>6ECB97D015B0EDB10076A651</string>
				<string>6ECB97D315B0EDB10076A651</string>
				<string>6ECB97D515B0EDB10076A651</string>
			</array>
			<key>isa</key>
			<string>PBXGroup</string>
			<key>name</key>
			<string>Supporting Files</string>
			<key>sourceTree</key>
			<string>&lt;group&gt;</string>
		</dict>
		<key>6ECB97CF15B0EDB10076A651</key>
		<dict>
			<key>isa</key>
			<string>PBXFileReference</string>
			<key>lastKnownFileType</key>
			<string>text.plist.xml</string>
			<key>name</key>
			<string>Changing Lives-Info.plist</string>
			<key>path</key>
			<string>Changing Lives-Info.plist</string>
			<key>sourceTree</key>
			<string>&lt;group&gt;</string>
		</dict>
		<key>6ECB97D015B0EDB10076A651</key>
		<dict>
			<key>children</key>
			<array>
				<string>6ECB97D115B0EDB10076A651</string>
			</array>
			<key>isa</key>
			<string>PBXVariantGroup</string>
			<key>name</key>
			<string>InfoPlist.strings</string>
			<key>sourceTree</key>
			<string>&lt;group&gt;</string>
		</dict>
		<key>6ECB97D115B0EDB10076A651</key>
		<dict>
			<key>isa</key>
			<string>PBXFileReference</string>
			<key>lastKnownFileType</key>
			<string>text.plist.strings</string>
			<key>name</key>
			<string>en</string>
			<key>path</key>
			<string>en.lproj/InfoPlist.strings</string>
			<key>sourceTree</key>
			<string>&lt;group&gt;</string>
		</dict>
		<key>6ECB97D215B0EDB10076A651</key>
		<dict>
			<key>fileRef</key>
			<string>6ECB97D015B0EDB10076A651</string>
			<key>isa</key>
			<string>PBXBuildFile</string>
		</dict>
		<key>6ECB97D315B0EDB10076A651</key>
		<dict>
			<key>isa</key>
			<string>PBXFileReference</string>
			<key>lastKnownFileType</key>
			<string>sourcecode.c.objc</string>
			<key>name</key>
			<string>main.m</string>
			<key>path</key>
			<string>main.m</string>
			<key>sourceTree</key>
			<string>&lt;group&gt;</string>
		</dict>
		<key>6ECB97D415B0EDB10076A651</key>
		<dict>
			<key>fileRef</key>
			<string>6ECB97D315B0EDB10076A651</string>
			<key>isa</key>
			<string>PBXBuildFile</string>
		</dict>
		<key>6ECB97D515B0EDB10076A651</key>
		<dict>
			<key>isa</key>
			<string>PBXFileReference</string>
			<key>lastKnownFileType</key>
			<string>sourcecode.c.h</string>
			<key>name</key>
			<string>Changing Lives-Prefix.pch</string>
			<key>path</key>
			<string>Changing Lives-Prefix.pch</string>
			<key>sourceTree</key>
			<string>&lt;group&gt;</string>
		</dict>
		<key>6ECB97D615B0EDB10076A651</key>
		<dict>
			<key>isa</key>
			<string>PBXFileReference</string>
			<key>lastKnownFileType</key>
			<string>sourcecode.c.h</string>
			<key>name</key>
			<string>CHLIAppDelegate.h</string>
			<key>path</key>
			<string>CHLIAppDelegate.h</string>
			<key>sourceTree</key>
			<string>&lt;group&gt;</string>
		</dict>
		<key>6ECB97D715B0EDB10076A651</key>
		<dict>
			<key>isa</key>
			<string>PBXFileReference</string>
			<key>lastKnownFileType</key>
			<string>sourcecode.c.objc</string>
			<key>name</key>
			<string>CHLIAppDelegate.m</string>
			<key>path</key>
			<string>CHLIAppDelegate.m</string>
			<key>sourceTree</key>
			<string>&lt;group&gt;</string>
		</dict>
		<key>6ECB97D815B0EDB10076A651</key>
		<dict>
			<key>fileRef</key>
			<string>6ECB97D715B0EDB10076A651</string>
			<key>isa</key>
			<string>PBXBuildFile</string>
		</dict>
		<key>6ECB97D915B0EDB10076A651</key>
		<dict>
			<key>children</key>
			<array>
				<string>6ECB97DA15B0EDB10076A651</string>
			</array>
			<key>isa</key>
			<string>PBXVariantGroup</string>
			<key>name</key>
			<string>MainStoryboard.storyboard</string>
			<key>sourceTree</key>
			<string>&lt;group&gt;</string>
		</dict>
		<key>6ECB97DA15B0EDB10076A651</key>
		<dict>
			<key>isa</key>
			<string>PBXFileReference</string>
			<key>lastKnownFileType</key>
			<string>file.storyboard</string>
			<key>name</key>
			<string>en</string>
			<key>path</key>
			<string>en.lproj/MainStoryboard.storyboard</string>
			<key>sourceTree</key>
			<string>&lt;group&gt;</string>
		</dict>
		<key>6ECB97DB15B0EDB10076A651</key>
		<dict>
			<key>fileRef</key>
			<string>6ECB97D915B0EDB10076A651</string>
			<key>isa</key>
			<string>PBXBuildFile</string>
		</dict>
		<key>6ECB97DC15B0EDB10076A651</key>
		<dict>
			<key>isa</key>
			<string>PBXFileReference</string>
			<key>lastKnownFileType</key>
			<string>sourcecode.c.h</string>
			<key>name</key>
			<string>CHLIViewController.h</string>
			<key>path</key>
			<string>CHLIViewController.h</string>
			<key>sourceTree</key>
			<string>&lt;group&gt;</string>
		</dict>
		<key>6ECB97DD15B0EDB10076A651</key>
		<dict>
			<key>isa</key>
			<string>PBXFileReference</string>
			<key>lastKnownFileType</key>
			<string>sourcecode.c.objc</string>
			<key>name</key>
			<string>CHLIViewController.m</string>
			<key>path</key>
			<string>CHLIViewController.m</string>
			<key>sourceTree</key>
			<string>&lt;group&gt;</string>
		</dict>
		<key>6ECB97DE15B0EDB10076A651</key>
		<dict>
			<key>fileRef</key>
			<string>6ECB97DD15B0EDB10076A651</string>
			<key>isa</key>
			<string>PBXBuildFile</string>
		</dict>
		<key>6ECB97DF15B0EDB10076A651</key>
		<dict>
			<key>buildSettings</key>
			<dict>
				<key>ALWAYS_SEARCH_USER_PATHS</key>
				<string>NO</string>
				<key>ARCHS</key>
				<string>$(ARCHS_STANDARD_32_BIT)</string>
				<key>CLANG_ENABLE_OBJC_ARC</key>
				<string>YES</string>
				<key>CODE_SIGN_IDENTITY[sdk=iphoneos*]</key>
				<string>iPhone Developer</string>
				<key>COPY_PHASE_STRIP</key>
				<string>NO</string>
				<key>GCC_C_LANGUAGE_STANDARD</key>
				<string>gnu99</string>
				<key>GCC_DYNAMIC_NO_PIC</key>
				<string>NO</string>
				<key>GCC_OPTIMIZATION_LEVEL</key>
				<string>0</string>
				<key>GCC_PREPROCESSOR_DEFINITIONS</key>
				<array>
					<string>DEBUG=1</string>
					<string>$(inherited)</string>
				</array>
				<key>GCC_SYMBOLS_PRIVATE_EXTERN</key>
				<string>NO</string>
				<key>GCC_VERSION</key>
				<string>com.apple.compilers.llvm.clang.1_0</string>
				<key>GCC_WARN_ABOUT_RETURN_TYPE</key>
				<string>YES</string>
				<key>GCC_WARN_UNINITIALIZED_AUTOS</key>
				<string>YES</string>
				<key>GCC_WARN_UNUSED_VARIABLE</key>
				<string>YES</string>
				<key>IPHONEOS_DEPLOYMENT_TARGET</key>
				<string>5.1</string>
				<key>SDKROOT</key>
				<string>iphoneos</string>
			</dict>
			<key>isa</key>
			<string>XCBuildConfiguration</string>
			<key>name</key>
			<string>Debug</string>
		</dict>
		<key>6ECB97E015B0EDB10076A651</key>
		<dict>
			<key>buildSettings</key>
			<dict>
				<key>ALWAYS_SEARCH_USER_PATHS</key>
				<string>NO</string>
				<key>ARCHS</key>
				<string>$(ARCHS_STANDARD_32_BIT)</string>
				<key>CLANG_ENABLE_OBJC_ARC</key>
				<string>YES</string>
				<key>CODE_SIGN_IDENTITY[sdk=iphoneos*]</key>
				<string>iPhone Developer</string>
				<key>COPY_PHASE_STRIP</key>
				<string>YES</string>
				<key>GCC_C_LANGUAGE_STANDARD</key>
				<string>gnu99</string>
				<key>GCC_VERSION</key>
				<string>com.apple.compilers.llvm.clang.1_0</string>
				<key>GCC_WARN_ABOUT_RETURN_TYPE</key>
				<string>YES</string>
				<key>GCC_WARN_UNINITIALIZED_AUTOS</key>
				<string>YES</string>
				<key>GCC_WARN_UNUSED_VARIABLE</key>
				<string>YES</string>
				<key>IPHONEOS_DEPLOYMENT_TARGET</key>
				<string>5.1</string>
				<key>OTHER_CFLAGS</key>
				<string>-DNS_BLOCK_ASSERTIONS=1</string>
				<key>SDKROOT</key>
				<string>iphoneos</string>
				<key>VALIDATE_PRODUCT</key>
				<string>YES</string>
			</dict>
			<key>isa</key>
			<string>XCBuildConfiguration</string>
			<key>name</key>
			<string>Release</string>
		</dict>
		<key>6ECB97E115B0EDB10076A651</key>
		<dict>
			<key>buildConfigurations</key>
			<array>
				<string>6ECB97E215B0EDB10076A651</string>
				<string>6ECB97E315B0EDB10076A651</string>
			</array>
			<key>defaultConfigurationIsVisible</key>
			<string>0</string>
			<key>isa</key>
			<string>XCConfigurationList</string>
		</dict>
		<key>6ECB97E215B0EDB10076A651</key>
		<dict>
			<key>baseConfigurationReference</key>
			<string>5573B9F353DE4C3D8820307B</string>
			<key>buildSettings</key>
			<dict>
				<key>DSTROOT</key>
				<string>/tmp/xcodeproj.dst</string>
				<key>GCC_PRECOMPILE_PREFIX_HEADER</key>
				<string>YES</string>
				<key>GCC_PREFIX_HEADER</key>
				<string>Changing Lives/Changing Lives-Prefix.pch</string>
				<key>GCC_VERSION</key>
				<string>com.apple.compilers.llvm.clang.1_0</string>
				<key>INFOPLIST_FILE</key>
				<string>Changing Lives/Changing Lives-Info.plist</string>
				<key>PRODUCT_NAME</key>
				<string>$(TARGET_NAME)</string>
				<key>SKIP_INSTALL</key>
				<string>YES</string>
				<key>WRAPPER_EXTENSION</key>
				<string>app</string>
			</dict>
			<key>isa</key>
			<string>XCBuildConfiguration</string>
			<key>name</key>
			<string>Debug</string>
		</dict>
		<key>6ECB97E315B0EDB10076A651</key>
		<dict>
			<key>baseConfigurationReference</key>
			<string>5573B9F353DE4C3D8820307B</string>
			<key>buildSettings</key>
			<dict>
				<key>DSTROOT</key>
				<string>/tmp/xcodeproj.dst</string>
				<key>GCC_PRECOMPILE_PREFIX_HEADER</key>
				<string>YES</string>
				<key>GCC_PREFIX_HEADER</key>
				<string>Changing Lives/Changing Lives-Prefix.pch</string>
				<key>GCC_VERSION</key>
				<string>com.apple.compilers.llvm.clang.1_0</string>
				<key>INFOPLIST_FILE</key>
				<string>Changing Lives/Changing Lives-Info.plist</string>
				<key>PRODUCT_NAME</key>
				<string>$(TARGET_NAME)</string>
				<key>SKIP_INSTALL</key>
				<string>YES</string>
				<key>WRAPPER_EXTENSION</key>
				<string>app</string>
			</dict>
			<key>isa</key>
			<string>XCBuildConfiguration</string>
			<key>name</key>
			<string>Release</string>
		</dict>
		<key>F7854E5422EE42D19C436449</key>
		<dict>
			<key>buildActionMask</key>
			<string>2147483647</string>
			<key>files</key>
			<array/>
			<key>inputPaths</key>
			<array/>
			<key>isa</key>
			<string>PBXShellScriptBuildPhase</string>
			<key>name</key>
			<string>Copy Pods Resources</string>
			<key>outputPaths</key>
			<array/>
			<key>runOnlyForDeploymentPostprocessing</key>
			<string>0</string>
			<key>shellPath</key>
			<string>/bin/sh</string>
			<key>shellScript</key>
			<string>"${SRCROOT}/Pods/Pods-resources.sh"
</string>
		</dict>
	</dict>
	<key>rootObject</key>
	<string>6ECB97BA15B0EDB10076A651</string>
</dict>
</plist>
