// !$*UTF8*$!
{
	archiveVersion = 1;
	classes = {
	};
	objectVersion = 46;
	objects = {

/* Begin PBXBuildFile section */
		2820C69FB1D94020A9C64E8F /* libPods.a in Frameworks */ = {isa = PBXBuildFile; fileRef = 2BBFD0BD13D94A86AC368B4C /* libPods.a */; };
		6E03CD4015D7F4D900C27F83 /* CHLIWebClient.m in Sources */ = {isa = PBXBuildFile; fileRef = 6E03CD3F15D7F4D900C27F83 /* CHLIWebClient.m */; };
		6E290A1F15B0F22F00D3B256 /* iTunesArtwork@2x.png in Resources */ = {isa = PBXBuildFile; fileRef = 6E290A1915B0F22F00D3B256 /* iTunesArtwork@2x.png */; };
		6E290A2015B0F22F00D3B256 /* Icon@2x.png in Resources */ = {isa = PBXBuildFile; fileRef = 6E290A1A15B0F22F00D3B256 /* Icon@2x.png */; };
		6E290A2115B0F22F00D3B256 /* Icon.png in Resources */ = {isa = PBXBuildFile; fileRef = 6E290A1B15B0F22F00D3B256 /* Icon.png */; };
		6E290A2215B0F22F00D3B256 /* Icon-Small@2x.png in Resources */ = {isa = PBXBuildFile; fileRef = 6E290A1C15B0F22F00D3B256 /* Icon-Small@2x.png */; };
		6E290A2315B0F22F00D3B256 /* Icon-Small.png in Resources */ = {isa = PBXBuildFile; fileRef = 6E290A1D15B0F22F00D3B256 /* Icon-Small.png */; };
		6E290A2415B0F22F00D3B256 /* iTunesArtwork in Resources */ = {isa = PBXBuildFile; fileRef = 6E290A1E15B0F22F00D3B256 /* iTunesArtwork */; };
		6E65900915D850440006EDCB /* CHLIConstants.m in Sources */ = {isa = PBXBuildFile; fileRef = 6E65900815D850430006EDCB /* CHLIConstants.m */; };
		6ECB97C815B0EDB10076A651 /* UIKit.framework in Frameworks */ = {isa = PBXBuildFile; fileRef = 6ECB97C715B0EDB10076A651 /* UIKit.framework */; };
		6ECB97CA15B0EDB10076A651 /* Foundation.framework in Frameworks */ = {isa = PBXBuildFile; fileRef = 6ECB97C915B0EDB10076A651 /* Foundation.framework */; };
		6ECB97CC15B0EDB10076A651 /* CoreGraphics.framework in Frameworks */ = {isa = PBXBuildFile; fileRef = 6ECB97CB15B0EDB10076A651 /* CoreGraphics.framework */; };
		6ECB97D215B0EDB10076A651 /* InfoPlist.strings in Resources */ = {isa = PBXBuildFile; fileRef = 6ECB97D015B0EDB10076A651 /* InfoPlist.strings */; };
		6ECB97D415B0EDB10076A651 /* main.m in Sources */ = {isa = PBXBuildFile; fileRef = 6ECB97D315B0EDB10076A651 /* main.m */; };
		6ECB97D815B0EDB10076A651 /* CHLIAppDelegate.m in Sources */ = {isa = PBXBuildFile; fileRef = 6ECB97D715B0EDB10076A651 /* CHLIAppDelegate.m */; };
		6ECB97DB15B0EDB10076A651 /* MainStoryboard.storyboard in Resources */ = {isa = PBXBuildFile; fileRef = 6ECB97D915B0EDB10076A651 /* MainStoryboard.storyboard */; };
		6ECB97DE15B0EDB10076A651 /* CHLIViewController.m in Sources */ = {isa = PBXBuildFile; fileRef = 6ECB97DD15B0EDB10076A651 /* CHLIViewController.m */; };
/* End PBXBuildFile section */

/* Begin PBXFileReference section */
		2BBFD0BD13D94A86AC368B4C /* libPods.a */ = {isa = PBXFileReference; explicitFileType = archive.ar; includeInIndex = 0; path = libPods.a; sourceTree = BUILT_PRODUCTS_DIR; };
		5573B9F353DE4C3D8820307B /* Pods.xcconfig */ = {isa = PBXFileReference; lastKnownFileType = text.xcconfig; name = Pods.xcconfig; path = Pods/Pods.xcconfig; sourceTree = SOURCE_ROOT; };
		6E03CD3E15D7F4D900C27F83 /* CHLIWebClient.h */ = {isa = PBXFileReference; fileEncoding = 4; lastKnownFileType = sourcecode.c.h; path = CHLIWebClient.h; sourceTree = "<group>"; };
		6E03CD3F15D7F4D900C27F83 /* CHLIWebClient.m */ = {isa = PBXFileReference; fileEncoding = 4; lastKnownFileType = sourcecode.c.objc; path = CHLIWebClient.m; sourceTree = "<group>"; };
		6E290A1915B0F22F00D3B256 /* iTunesArtwork@2x.png */ = {isa = PBXFileReference; lastKnownFileType = image.png; path = "iTunesArtwork@2x.png"; sourceTree = "<group>"; };
		6E290A1A15B0F22F00D3B256 /* Icon@2x.png */ = {isa = PBXFileReference; lastKnownFileType = image.png; path = "Icon@2x.png"; sourceTree = "<group>"; };
		6E290A1B15B0F22F00D3B256 /* Icon.png */ = {isa = PBXFileReference; lastKnownFileType = image.png; path = Icon.png; sourceTree = "<group>"; };
		6E290A1C15B0F22F00D3B256 /* Icon-Small@2x.png */ = {isa = PBXFileReference; lastKnownFileType = image.png; path = "Icon-Small@2x.png"; sourceTree = "<group>"; };
		6E290A1D15B0F22F00D3B256 /* Icon-Small.png */ = {isa = PBXFileReference; lastKnownFileType = image.png; path = "Icon-Small.png"; sourceTree = "<group>"; };
		6E290A1E15B0F22F00D3B256 /* iTunesArtwork */ = {isa = PBXFileReference; lastKnownFileType = file; path = iTunesArtwork; sourceTree = "<group>"; };
		6E65900715D850430006EDCB /* CHLIConstants.h */ = {isa = PBXFileReference; fileEncoding = 4; lastKnownFileType = sourcecode.c.h; path = CHLIConstants.h; sourceTree = "<group>"; };
		6E65900815D850430006EDCB /* CHLIConstants.m */ = {isa = PBXFileReference; fileEncoding = 4; lastKnownFileType = sourcecode.c.objc; path = CHLIConstants.m; sourceTree = "<group>"; };
		6ECB97C315B0EDB10076A651 /* Changing Lives.app */ = {isa = PBXFileReference; explicitFileType = wrapper.application; includeInIndex = 0; path = "Changing Lives.app"; sourceTree = BUILT_PRODUCTS_DIR; };
		6ECB97C715B0EDB10076A651 /* UIKit.framework */ = {isa = PBXFileReference; lastKnownFileType = wrapper.framework; name = UIKit.framework; path = System/Library/Frameworks/UIKit.framework; sourceTree = SDKROOT; };
		6ECB97C915B0EDB10076A651 /* Foundation.framework */ = {isa = PBXFileReference; lastKnownFileType = wrapper.framework; name = Foundation.framework; path = System/Library/Frameworks/Foundation.framework; sourceTree = SDKROOT; };
		6ECB97CB15B0EDB10076A651 /* CoreGraphics.framework */ = {isa = PBXFileReference; lastKnownFileType = wrapper.framework; name = CoreGraphics.framework; path = System/Library/Frameworks/CoreGraphics.framework; sourceTree = SDKROOT; };
		6ECB97CF15B0EDB10076A651 /* Changing Lives-Info.plist */ = {isa = PBXFileReference; lastKnownFileType = text.plist.xml; path = "Changing Lives-Info.plist"; sourceTree = "<group>"; };
		6ECB97D115B0EDB10076A651 /* en */ = {isa = PBXFileReference; lastKnownFileType = text.plist.strings; name = en; path = en.lproj/InfoPlist.strings; sourceTree = "<group>"; };
		6ECB97D315B0EDB10076A651 /* main.m */ = {isa = PBXFileReference; lastKnownFileType = sourcecode.c.objc; path = main.m; sourceTree = "<group>"; };
		6ECB97D515B0EDB10076A651 /* Changing Lives-Prefix.pch */ = {isa = PBXFileReference; lastKnownFileType = sourcecode.c.h; path = "Changing Lives-Prefix.pch"; sourceTree = "<group>"; };
		6ECB97D615B0EDB10076A651 /* CHLIAppDelegate.h */ = {isa = PBXFileReference; lastKnownFileType = sourcecode.c.h; path = CHLIAppDelegate.h; sourceTree = "<group>"; };
		6ECB97D715B0EDB10076A651 /* CHLIAppDelegate.m */ = {isa = PBXFileReference; lastKnownFileType = sourcecode.c.objc; path = CHLIAppDelegate.m; sourceTree = "<group>"; };
		6ECB97DA15B0EDB10076A651 /* en */ = {isa = PBXFileReference; lastKnownFileType = file.storyboard; name = en; path = en.lproj/MainStoryboard.storyboard; sourceTree = "<group>"; };
		6ECB97DC15B0EDB10076A651 /* CHLIViewController.h */ = {isa = PBXFileReference; lastKnownFileType = sourcecode.c.h; path = CHLIViewController.h; sourceTree = "<group>"; };
		6ECB97DD15B0EDB10076A651 /* CHLIViewController.m */ = {isa = PBXFileReference; lastKnownFileType = sourcecode.c.objc; path = CHLIViewController.m; sourceTree = "<group>"; };
/* End PBXFileReference section */

/* Begin PBXFrameworksBuildPhase section */
		6ECB97C015B0EDB10076A651 /* Frameworks */ = {
			isa = PBXFrameworksBuildPhase;
			buildActionMask = 2147483647;
			files = (
				6ECB97C815B0EDB10076A651 /* UIKit.framework in Frameworks */,
				6ECB97CA15B0EDB10076A651 /* Foundation.framework in Frameworks */,
				6ECB97CC15B0EDB10076A651 /* CoreGraphics.framework in Frameworks */,
				2820C69FB1D94020A9C64E8F /* libPods.a in Frameworks */,
			);
			runOnlyForDeploymentPostprocessing = 0;
		};
/* End PBXFrameworksBuildPhase section */

/* Begin PBXGroup section */
		6ECB97B815B0EDB10076A651 = {
			isa = PBXGroup;
			children = (
				6ECB97CD15B0EDB10076A651 /* Changing Lives */,
				6ECB97C615B0EDB10076A651 /* Frameworks */,
				6ECB97C415B0EDB10076A651 /* Products */,
				5573B9F353DE4C3D8820307B /* Pods.xcconfig */,
			);
			sourceTree = "<group>";
		};
		6ECB97C415B0EDB10076A651 /* Products */ = {
			isa = PBXGroup;
			children = (
				6ECB97C315B0EDB10076A651 /* Changing Lives.app */,
			);
			name = Products;
			sourceTree = "<group>";
		};
		6ECB97C615B0EDB10076A651 /* Frameworks */ = {
			isa = PBXGroup;
			children = (
				6ECB97C715B0EDB10076A651 /* UIKit.framework */,
				6ECB97C915B0EDB10076A651 /* Foundation.framework */,
				6ECB97CB15B0EDB10076A651 /* CoreGraphics.framework */,
				2BBFD0BD13D94A86AC368B4C /* libPods.a */,
			);
			name = Frameworks;
			sourceTree = "<group>";
		};
		6ECB97CD15B0EDB10076A651 /* Changing Lives */ = {
			isa = PBXGroup;
			children = (
				6ECB97D615B0EDB10076A651 /* CHLIAppDelegate.h */,
				6ECB97D715B0EDB10076A651 /* CHLIAppDelegate.m */,
				6ECB97D915B0EDB10076A651 /* MainStoryboard.storyboard */,
				6ECB97DC15B0EDB10076A651 /* CHLIViewController.h */,
				6ECB97DD15B0EDB10076A651 /* CHLIViewController.m */,
				6E03CD3E15D7F4D900C27F83 /* CHLIWebClient.h */,
				6E03CD3F15D7F4D900C27F83 /* CHLIWebClient.m */,
				6E65900715D850430006EDCB /* CHLIConstants.h */,
				6E65900815D850430006EDCB /* CHLIConstants.m */,
				6ECB97CE15B0EDB10076A651 /* Supporting Files */,
			);
			path = "Changing Lives";
			sourceTree = "<group>";
		};
		6ECB97CE15B0EDB10076A651 /* Supporting Files */ = {
			isa = PBXGroup;
			children = (
				6E290A1915B0F22F00D3B256 /* iTunesArtwork@2x.png */,
				6E290A1A15B0F22F00D3B256 /* Icon@2x.png */,
				6E290A1B15B0F22F00D3B256 /* Icon.png */,
				6E290A1C15B0F22F00D3B256 /* Icon-Small@2x.png */,
				6E290A1D15B0F22F00D3B256 /* Icon-Small.png */,
				6E290A1E15B0F22F00D3B256 /* iTunesArtwork */,
				6ECB97CF15B0EDB10076A651 /* Changing Lives-Info.plist */,
				6ECB97D015B0EDB10076A651 /* InfoPlist.strings */,
				6ECB97D315B0EDB10076A651 /* main.m */,
				6ECB97D515B0EDB10076A651 /* Changing Lives-Prefix.pch */,
			);
			name = "Supporting Files";
			sourceTree = "<group>";
		};
/* End PBXGroup section */

/* Begin PBXNativeTarget section */
		6ECB97C215B0EDB10076A651 /* Changing Lives */ = {
			isa = PBXNativeTarget;
			buildConfigurationList = 6ECB97E115B0EDB10076A651 /* Build configuration list for PBXNativeTarget "Changing Lives" */;
			buildPhases = (
				6ECB97BF15B0EDB10076A651 /* Sources */,
				6ECB97C015B0EDB10076A651 /* Frameworks */,
				6ECB97C115B0EDB10076A651 /* Resources */,
				F7854E5422EE42D19C436449 /* Copy Pods Resources */,
			);
			buildRules = (
			);
			dependencies = (
			);
			name = "Changing Lives";
			productName = "Changing Lives";
			productReference = 6ECB97C315B0EDB10076A651 /* Changing Lives.app */;
			productType = "com.apple.product-type.application";
		};
/* End PBXNativeTarget section */

/* Begin PBXProject section */
		6ECB97BA15B0EDB10076A651 /* Project object */ = {
			isa = PBXProject;
			attributes = {
				CLASSPREFIX = CHLI;
				LastUpgradeCheck = 0430;
				ORGANIZATIONNAME = "Kai Oelfke";
			};
			buildConfigurationList = 6ECB97BD15B0EDB10076A651 /* Build configuration list for PBXProject "Changing Lives" */;
			compatibilityVersion = "Xcode 3.2";
			developmentRegion = English;
			hasScannedForEncodings = 0;
			knownRegions = (
				en,
			);
			mainGroup = 6ECB97B815B0EDB10076A651;
			productRefGroup = 6ECB97C415B0EDB10076A651 /* Products */;
			projectDirPath = "";
			projectRoot = "";
			targets = (
				6ECB97C215B0EDB10076A651 /* Changing Lives */,
			);
		};
/* End PBXProject section */

/* Begin PBXResourcesBuildPhase section */
		6ECB97C115B0EDB10076A651 /* Resources */ = {
			isa = PBXResourcesBuildPhase;
			buildActionMask = 2147483647;
			files = (
				6ECB97D215B0EDB10076A651 /* InfoPlist.strings in Resources */,
				6ECB97DB15B0EDB10076A651 /* MainStoryboard.storyboard in Resources */,
				6E290A1F15B0F22F00D3B256 /* iTunesArtwork@2x.png in Resources */,
				6E290A2015B0F22F00D3B256 /* Icon@2x.png in Resources */,
				6E290A2115B0F22F00D3B256 /* Icon.png in Resources */,
				6E290A2215B0F22F00D3B256 /* Icon-Small@2x.png in Resources */,
				6E290A2315B0F22F00D3B256 /* Icon-Small.png in Resources */,
				6E290A2415B0F22F00D3B256 /* iTunesArtwork in Resources */,
			);
			runOnlyForDeploymentPostprocessing = 0;
		};
/* End PBXResourcesBuildPhase section */

/* Begin PBXShellScriptBuildPhase section */
		F7854E5422EE42D19C436449 /* Copy Pods Resources */ = {
			isa = PBXShellScriptBuildPhase;
			buildActionMask = 2147483647;
			files = (
			);
			inputPaths = (
			);
			name = "Copy Pods Resources";
			outputPaths = (
			);
			runOnlyForDeploymentPostprocessing = 0;
			shellPath = /bin/sh;
			shellScript = "\"${SRCROOT}/Pods/Pods-resources.sh\"\n";
		};
/* End PBXShellScriptBuildPhase section */

/* Begin PBXSourcesBuildPhase section */
		6ECB97BF15B0EDB10076A651 /* Sources */ = {
			isa = PBXSourcesBuildPhase;
			buildActionMask = 2147483647;
			files = (
				6ECB97D415B0EDB10076A651 /* main.m in Sources */,
				6ECB97D815B0EDB10076A651 /* CHLIAppDelegate.m in Sources */,
				6ECB97DE15B0EDB10076A651 /* CHLIViewController.m in Sources */,
				6E03CD4015D7F4D900C27F83 /* CHLIWebClient.m in Sources */,
				6E65900915D850440006EDCB /* CHLIConstants.m in Sources */,
			);
			runOnlyForDeploymentPostprocessing = 0;
		};
/* End PBXSourcesBuildPhase section */

/* Begin PBXVariantGroup section */
		6ECB97D015B0EDB10076A651 /* InfoPlist.strings */ = {
			isa = PBXVariantGroup;
			children = (
				6ECB97D115B0EDB10076A651 /* en */,
			);
			name = InfoPlist.strings;
			sourceTree = "<group>";
		};
		6ECB97D915B0EDB10076A651 /* MainStoryboard.storyboard */ = {
			isa = PBXVariantGroup;
			children = (
				6ECB97DA15B0EDB10076A651 /* en */,
			);
			name = MainStoryboard.storyboard;
			sourceTree = "<group>";
		};
/* End PBXVariantGroup section */

/* Begin XCBuildConfiguration section */
		6ECB97DF15B0EDB10076A651 /* Debug */ = {
			isa = XCBuildConfiguration;
			buildSettings = {
				ALWAYS_SEARCH_USER_PATHS = NO;
				ARCHS = "$(ARCHS_STANDARD_32_BIT)";
				CLANG_ENABLE_OBJC_ARC = YES;
				"CODE_SIGN_IDENTITY[sdk=iphoneos*]" = "iPhone Developer";
				COPY_PHASE_STRIP = NO;
				GCC_C_LANGUAGE_STANDARD = gnu99;
				GCC_DYNAMIC_NO_PIC = NO;
				GCC_OPTIMIZATION_LEVEL = 0;
				GCC_PREPROCESSOR_DEFINITIONS = (
					"DEBUG=1",
					"$(inherited)",
				);
				GCC_SYMBOLS_PRIVATE_EXTERN = NO;
				GCC_VERSION = com.apple.compilers.llvm.clang.1_0;
				GCC_WARN_ABOUT_RETURN_TYPE = YES;
				GCC_WARN_UNINITIALIZED_AUTOS = YES;
				GCC_WARN_UNUSED_VARIABLE = YES;
				IPHONEOS_DEPLOYMENT_TARGET = 5.1;
				SDKROOT = iphoneos;
			};
			name = Debug;
		};
		6ECB97E015B0EDB10076A651 /* Release */ = {
			isa = XCBuildConfiguration;
			buildSettings = {
				ALWAYS_SEARCH_USER_PATHS = NO;
				ARCHS = "$(ARCHS_STANDARD_32_BIT)";
				CLANG_ENABLE_OBJC_ARC = YES;
				"CODE_SIGN_IDENTITY[sdk=iphoneos*]" = "iPhone Developer";
				COPY_PHASE_STRIP = YES;
				GCC_C_LANGUAGE_STANDARD = gnu99;
				GCC_VERSION = com.apple.compilers.llvm.clang.1_0;
				GCC_WARN_ABOUT_RETURN_TYPE = YES;
				GCC_WARN_UNINITIALIZED_AUTOS = YES;
				GCC_WARN_UNUSED_VARIABLE = YES;
				IPHONEOS_DEPLOYMENT_TARGET = 5.1;
				OTHER_CFLAGS = "-DNS_BLOCK_ASSERTIONS=1";
				SDKROOT = iphoneos;
				VALIDATE_PRODUCT = YES;
			};
			name = Release;
		};
		6ECB97E215B0EDB10076A651 /* Debug */ = {
			isa = XCBuildConfiguration;
			baseConfigurationReference = 5573B9F353DE4C3D8820307B /* Pods.xcconfig */;
			buildSettings = {
				DSTROOT = /tmp/xcodeproj.dst;
				GCC_PRECOMPILE_PREFIX_HEADER = YES;
				GCC_PREFIX_HEADER = "Changing Lives/Changing Lives-Prefix.pch";
				GCC_VERSION = com.apple.compilers.llvm.clang.1_0;
				INFOPLIST_FILE = "Changing Lives/Changing Lives-Info.plist";
				PRODUCT_NAME = "$(TARGET_NAME)";
				SKIP_INSTALL = YES;
				WRAPPER_EXTENSION = app;
			};
			name = Debug;
		};
		6ECB97E315B0EDB10076A651 /* Release */ = {
			isa = XCBuildConfiguration;
			baseConfigurationReference = 5573B9F353DE4C3D8820307B /* Pods.xcconfig */;
			buildSettings = {
				DSTROOT = /tmp/xcodeproj.dst;
				GCC_PRECOMPILE_PREFIX_HEADER = YES;
				GCC_PREFIX_HEADER = "Changing Lives/Changing Lives-Prefix.pch";
				GCC_VERSION = com.apple.compilers.llvm.clang.1_0;
				INFOPLIST_FILE = "Changing Lives/Changing Lives-Info.plist";
				PRODUCT_NAME = "$(TARGET_NAME)";
				SKIP_INSTALL = YES;
				WRAPPER_EXTENSION = app;
			};
			name = Release;
		};
/* End XCBuildConfiguration section */

/* Begin XCConfigurationList section */
		6ECB97BD15B0EDB10076A651 /* Build configuration list for PBXProject "Changing Lives" */ = {
			isa = XCConfigurationList;
			buildConfigurations = (
				6ECB97DF15B0EDB10076A651 /* Debug */,
				6ECB97E015B0EDB10076A651 /* Release */,
			);
			defaultConfigurationIsVisible = 0;
			defaultConfigurationName = Release;
		};
		6ECB97E115B0EDB10076A651 /* Build configuration list for PBXNativeTarget "Changing Lives" */ = {
			isa = XCConfigurationList;
			buildConfigurations = (
				6ECB97E215B0EDB10076A651 /* Debug */,
				6ECB97E315B0EDB10076A651 /* Release */,
			);
			defaultConfigurationIsVisible = 0;
			defaultConfigurationName = Release;
		};
/* End XCConfigurationList section */
	};
	rootObject = 6ECB97BA15B0EDB10076A651 /* Project object */;
}
